Microsoft Visual Studio Solution File, Format Version 12.00
# Visual Studio Version 17
VisualStudioVersion = 17.5.2.0
MinimumVisualStudioVersion = 10.0.40219.1
Project("{FAE04EC0-301F-11D3-BF4B-00C04F79EFBC}") = "tic-tac-toe-ai", "tic-tac-toe-ai.csproj", "{4D6B9F62-17D6-C391-35E0-408FE7AD2F56}"
EndProject
Global
	GlobalSection(SolutionConfigurationPlatforms) = preSolution
		Debug|Any CPU = Debug|Any CPU
		Release|Any CPU = Release|Any CPU
	EndGlobalSection
	GlobalSection(ProjectConfigurationPlatforms) = postSolution
		{4D6B9F62-17D6-C391-35E0-408FE7AD2F56}.Debug|Any CPU.ActiveCfg = Debug|Any CPU
		{4D6B9F62-17D6-C391-35E0-408FE7AD2F56}.Debug|Any CPU.Build.0 = Debug|Any CPU
		{4D6B9F62-17D6-C391-35E0-408FE7AD2F56}.Release|Any CPU.ActiveCfg = Release|Any CPU
		{4D6B9F62-17D6-C391-35E0-408FE7AD2F56}.Release|Any CPU.Build.0 = Release|Any CPU
	EndGlobalSection
	GlobalSection(SolutionProperties) = preSolution
		HideSolutionNode = FALSE
	EndGlobalSection
	GlobalSection(ExtensibilityGlobals) = postSolution
		SolutionGuid = {2B51A320-90C8-4ABD-9449-0C4E534AC75B}
	EndGlobalSection
EndGlobal
